
Microsoft Visual Studio Solution File, Format Version 12.00
# Visual Studio Version 17
VisualStudioVersion = 17.4.33205.214
MinimumVisualStudioVersion = 10.0.40219.1
Project("{FAE04EC0-301F-11D3-BF4B-00C04F79EFBC}") = "RestSharpTest", "RestSharpTest.csproj", "{93B588D5-2418-44F5-BC26-CD09B931A042}"
EndProject
Global
	GlobalSection(SolutionConfigurationPlatforms) = preSolution
		Debug|Any CPU = Debug|Any CPU
		Release|Any CPU = Release|Any CPU
	EndGlobalSection
	GlobalSection(ProjectConfigurationPlatforms) = postSolution
		{93B588D5-2418-44F5-BC26-CD09B931A042}.Debug|Any CPU.ActiveCfg = Debug|Any CPU
		{93B588D5-2418-44F5-BC26-CD09B931A042}.Debug|Any CPU.Build.0 = Debug|Any CPU
		{93B588D5-2418-44F5-BC26-CD09B931A042}.Release|Any CPU.ActiveCfg = Release|Any CPU
		{93B588D5-2418-44F5-BC26-CD09B931A042}.Release|Any CPU.Build.0 = Release|Any CPU
	EndGlobalSection
	GlobalSection(SolutionProperties) = preSolution
		HideSolutionNode = FALSE
	EndGlobalSection
	GlobalSection(ExtensibilityGlobals) = postSolution
		SolutionGuid = {70A5919B-42F1-4FEB-A628-0FAA40EA1E86}
	EndGlobalSection
EndGlobal
